
Microsoft Visual Studio Solution File, Format Version 12.00
# Visual Studio Version 17
VisualStudioVersion = 17.5.33530.505
MinimumVisualStudioVersion = 10.0.40219.1
Project("{9A19103F-16F7-4668-BE54-9A1E7A4F7556}") = "eGift.Store.Razor", "eGift.Store.Razor\eGift.Store.Razor.csproj", "{4668AA15-7EBF-4E33-AFDB-41C11B1D8260}"
EndProject
Global
	GlobalSection(SolutionConfigurationPlatforms) = preSolution
		Debug|Any CPU = Debug|Any CPU
		Release|Any CPU = Release|Any CPU
	EndGlobalSection
	GlobalSection(ProjectConfigurationPlatforms) = postSolution
		{4668AA15-7EBF-4E33-AFDB-41C11B1D8260}.Debug|Any CPU.ActiveCfg = Debug|Any CPU
		{4668AA15-7EBF-4E33-AFDB-41C11B1D8260}.Debug|Any CPU.Build.0 = Debug|Any CPU
		{4668AA15-7EBF-4E33-AFDB-41C11B1D8260}.Release|Any CPU.ActiveCfg = Release|Any CPU
		{4668AA15-7EBF-4E33-AFDB-41C11B1D8260}.Release|Any CPU.Build.0 = Release|Any CPU
	EndGlobalSection
	GlobalSection(SolutionProperties) = preSolution
		HideSolutionNode = FALSE
	EndGlobalSection
	GlobalSection(ExtensibilityGlobals) = postSolution
		SolutionGuid = {471731F0-2715-4BA1-A8C7-D60CF8D2CCC4}
	EndGlobalSection
EndGlobal
